
Microsoft Visual Studio Solution File, Format Version 12.00
# Visual Studio 2012
Project("{FAE04EC0-301F-11D3-BF4B-00C04F79EFBC}") = "FIT.HDA.Web", "HDA\FIT.HDA.Web.csproj", "{DDB79C8A-6765-40A6-B8A3-00CD9BF48C78}"
EndProject
Project("{FAE04EC0-301F-11D3-BF4B-00C04F79EFBC}") = "FIT.HDA.Tests", "HDA.Tests\FIT.HDA.Tests.csproj", "{C1ED7958-8A0F-4E3E-A4DA-8E34581233B4}"
EndProject
Project("{FAE04EC0-301F-11D3-BF4B-00C04F79EFBC}") = "FIT.HDA.Models", "ClassLibrary1\FIT.HDA.Models.csproj", "{4D24D3CE-4ACF-49E2-B31A-2BC039F5E489}"
EndProject
Project("{FAE04EC0-301F-11D3-BF4B-00C04F79EFBC}") = "FIT.HDA.API", "FIT.HDA.WebAPI\FIT.HDA.API.csproj", "{C927815B-6655-4C5A-9C76-BC81DC9F6922}"
EndProject
Project("{FAE04EC0-301F-11D3-BF4B-00C04F79EFBC}") = "FIT.HDA.API.Tests", "FIT.HDA.WebAPI.Tests\FIT.HDA.API.Tests.csproj", "{22FC6E6C-E78B-4A0E-977B-BC89E90DC507}"
EndProject
Project("{FAE04EC0-301F-11D3-BF4B-00C04F79EFBC}") = "FIT.HDA.WebApp", "FIT.HDA.WebApp\FIT.HDA.WebApp.csproj", "{E4CAD882-C347-4D7F-8211-41FF8F677186}"
EndProject
Project("{FAE04EC0-301F-11D3-BF4B-00C04F79EFBC}") = "FIT.HDA.WebApp.Tests", "FIT.HDA.WebApp.Tests\FIT.HDA.WebApp.Tests.csproj", "{33B4BD3C-24BA-4A93-9894-CB14DC02FB08}"
EndProject
Global
	GlobalSection(SolutionConfigurationPlatforms) = preSolution
		Debug|Any CPU = Debug|Any CPU
		Release|Any CPU = Release|Any CPU
	EndGlobalSection
	GlobalSection(ProjectConfigurationPlatforms) = postSolution
		{DDB79C8A-6765-40A6-B8A3-00CD9BF48C78}.Debug|Any CPU.ActiveCfg = Debug|Any CPU
		{DDB79C8A-6765-40A6-B8A3-00CD9BF48C78}.Debug|Any CPU.Build.0 = Debug|Any CPU
		{DDB79C8A-6765-40A6-B8A3-00CD9BF48C78}.Release|Any CPU.ActiveCfg = Release|Any CPU
		{DDB79C8A-6765-40A6-B8A3-00CD9BF48C78}.Release|Any CPU.Build.0 = Release|Any CPU
		{C1ED7958-8A0F-4E3E-A4DA-8E34581233B4}.Debug|Any CPU.ActiveCfg = Debug|Any CPU
		{C1ED7958-8A0F-4E3E-A4DA-8E34581233B4}.Debug|Any CPU.Build.0 = Debug|Any CPU
		{C1ED7958-8A0F-4E3E-A4DA-8E34581233B4}.Release|Any CPU.ActiveCfg = Release|Any CPU
		{C1ED7958-8A0F-4E3E-A4DA-8E34581233B4}.Release|Any CPU.Build.0 = Release|Any CPU
		{4D24D3CE-4ACF-49E2-B31A-2BC039F5E489}.Debug|Any CPU.ActiveCfg = Debug|Any CPU
		{4D24D3CE-4ACF-49E2-B31A-2BC039F5E489}.Debug|Any CPU.Build.0 = Debug|Any CPU
		{4D24D3CE-4ACF-49E2-B31A-2BC039F5E489}.Release|Any CPU.ActiveCfg = Release|Any CPU
		{4D24D3CE-4ACF-49E2-B31A-2BC039F5E489}.Release|Any CPU.Build.0 = Release|Any CPU
		{C927815B-6655-4C5A-9C76-BC81DC9F6922}.Debug|Any CPU.ActiveCfg = Debug|Any CPU
		{C927815B-6655-4C5A-9C76-BC81DC9F6922}.Debug|Any CPU.Build.0 = Debug|Any CPU
		{C927815B-6655-4C5A-9C76-BC81DC9F6922}.Release|Any CPU.ActiveCfg = Release|Any CPU
		{C927815B-6655-4C5A-9C76-BC81DC9F6922}.Release|Any CPU.Build.0 = Release|Any CPU
		{22FC6E6C-E78B-4A0E-977B-BC89E90DC507}.Debug|Any CPU.ActiveCfg = Debug|Any CPU
		{22FC6E6C-E78B-4A0E-977B-BC89E90DC507}.Debug|Any CPU.Build.0 = Debug|Any CPU
		{22FC6E6C-E78B-4A0E-977B-BC89E90DC507}.Release|Any CPU.ActiveCfg = Release|Any CPU
		{22FC6E6C-E78B-4A0E-977B-BC89E90DC507}.Release|Any CPU.Build.0 = Release|Any CPU
		{E4CAD882-C347-4D7F-8211-41FF8F677186}.Debug|Any CPU.ActiveCfg = Debug|Any CPU
		{E4CAD882-C347-4D7F-8211-41FF8F677186}.Debug|Any CPU.Build.0 = Debug|Any CPU
		{E4CAD882-C347-4D7F-8211-41FF8F677186}.Release|Any CPU.ActiveCfg = Release|Any CPU
		{E4CAD882-C347-4D7F-8211-41FF8F677186}.Release|Any CPU.Build.0 = Release|Any CPU
		{33B4BD3C-24BA-4A93-9894-CB14DC02FB08}.Debug|Any CPU.ActiveCfg = Debug|Any CPU
		{33B4BD3C-24BA-4A93-9894-CB14DC02FB08}.Debug|Any CPU.Build.0 = Debug|Any CPU
		{33B4BD3C-24BA-4A93-9894-CB14DC02FB08}.Release|Any CPU.ActiveCfg = Release|Any CPU
		{33B4BD3C-24BA-4A93-9894-CB14DC02FB08}.Release|Any CPU.Build.0 = Release|Any CPU
	EndGlobalSection
	GlobalSection(SolutionProperties) = preSolution
		HideSolutionNode = FALSE
	EndGlobalSection
EndGlobal
